
Microsoft Visual Studio Solution File, Format Version 12.00
# Visual Studio Version 16
VisualStudioVersion = 16.0.31624.102
MinimumVisualStudioVersion = 10.0.40219.1
Project("{FAE04EC0-301F-11D3-BF4B-00C04F79EFBC}") = "WindowsFormsApp1", "WindowsFormsApp1\WindowsFormsApp1.csproj", "{94FD050D-DF8F-4638-BDB6-B0F815A6B277}"
EndProject
Global
	GlobalSection(SolutionConfigurationPlatforms) = preSolution
		Debug|Any CPU = Debug|Any CPU
		Release|Any CPU = Release|Any CPU
	EndGlobalSection
	GlobalSection(ProjectConfigurationPlatforms) = postSolution
		{94FD050D-DF8F-4638-BDB6-B0F815A6B277}.Debug|Any CPU.ActiveCfg = Debug|Any CPU
		{94FD050D-DF8F-4638-BDB6-B0F815A6B277}.Debug|Any CPU.Build.0 = Debug|Any CPU
		{94FD050D-DF8F-4638-BDB6-B0F815A6B277}.Release|Any CPU.ActiveCfg = Release|Any CPU
		{94FD050D-DF8F-4638-BDB6-B0F815A6B277}.Release|Any CPU.Build.0 = Release|Any CPU
	EndGlobalSection
	GlobalSection(SolutionProperties) = preSolution
		HideSolutionNode = FALSE
	EndGlobalSection
	GlobalSection(ExtensibilityGlobals) = postSolution
		SolutionGuid = {758E911D-7A82-4E2F-99EC-A4ED606DEC2B}
	EndGlobalSection
EndGlobal
